
Microsoft Visual Studio Solution File, Format Version 12.00
# Visual Studio Version 17
VisualStudioVersion = 17.3.32922.545
MinimumVisualStudioVersion = 10.0.40219.1
Project("{FAE04EC0-301F-11D3-BF4B-00C04F79EFBC}") = "MatchGame", "MatchGame\MatchGame.csproj", "{5195FE70-1E15-419E-817F-93DC60806707}"
EndProject
Project("{FAE04EC0-301F-11D3-BF4B-00C04F79EFBC}") = "ExperimentWithControls", "ExperimentWithControls\ExperimentWithControls.csproj", "{7A6E0594-73D8-45C1-94EB-B4A86ED26F5E}"
EndProject
Global
	GlobalSection(SolutionConfigurationPlatforms) = preSolution
		Debug|Any CPU = Debug|Any CPU
		Release|Any CPU = Release|Any CPU
	EndGlobalSection
	GlobalSection(ProjectConfigurationPlatforms) = postSolution
		{5195FE70-1E15-419E-817F-93DC60806707}.Debug|Any CPU.ActiveCfg = Debug|Any CPU
		{5195FE70-1E15-419E-817F-93DC60806707}.Debug|Any CPU.Build.0 = Debug|Any CPU
		{5195FE70-1E15-419E-817F-93DC60806707}.Release|Any CPU.ActiveCfg = Release|Any CPU
		{5195FE70-1E15-419E-817F-93DC60806707}.Release|Any CPU.Build.0 = Release|Any CPU
		{7A6E0594-73D8-45C1-94EB-B4A86ED26F5E}.Debug|Any CPU.ActiveCfg = Debug|Any CPU
		{7A6E0594-73D8-45C1-94EB-B4A86ED26F5E}.Debug|Any CPU.Build.0 = Debug|Any CPU
		{7A6E0594-73D8-45C1-94EB-B4A86ED26F5E}.Release|Any CPU.ActiveCfg = Release|Any CPU
		{7A6E0594-73D8-45C1-94EB-B4A86ED26F5E}.Release|Any CPU.Build.0 = Release|Any CPU
	EndGlobalSection
	GlobalSection(SolutionProperties) = preSolution
		HideSolutionNode = FALSE
	EndGlobalSection
	GlobalSection(ExtensibilityGlobals) = postSolution
		SolutionGuid = {10808FEF-ADA0-4D44-902A-35DD3253A392}
	EndGlobalSection
EndGlobal
